
Microsoft Visual Studio Solution File, Format Version 12.00
# Visual Studio Express 2012 for Web
Project("{FAE04EC0-301F-11D3-BF4B-00C04F79EFBC}") = "QMS", "QMS\QMS.csproj", "{23841958-6432-46F8-BEAA-9442BB531FD9}"
EndProject
Project("{FAE04EC0-301F-11D3-BF4B-00C04F79EFBC}") = "QMS.Tests", "QMS.Tests\QMS.Tests.csproj", "{8076778F-3385-4CB9-9AC9-FCF816A3F099}"
EndProject
Global
	GlobalSection(SolutionConfigurationPlatforms) = preSolution
		Debug|Any CPU = Debug|Any CPU
		Release|Any CPU = Release|Any CPU
	EndGlobalSection
	GlobalSection(ProjectConfigurationPlatforms) = postSolution
		{23841958-6432-46F8-BEAA-9442BB531FD9}.Debug|Any CPU.ActiveCfg = Debug|Any CPU
		{23841958-6432-46F8-BEAA-9442BB531FD9}.Debug|Any CPU.Build.0 = Debug|Any CPU
		{23841958-6432-46F8-BEAA-9442BB531FD9}.Release|Any CPU.ActiveCfg = Release|Any CPU
		{23841958-6432-46F8-BEAA-9442BB531FD9}.Release|Any CPU.Build.0 = Release|Any CPU
		{8076778F-3385-4CB9-9AC9-FCF816A3F099}.Debug|Any CPU.ActiveCfg = Debug|Any CPU
		{8076778F-3385-4CB9-9AC9-FCF816A3F099}.Debug|Any CPU.Build.0 = Debug|Any CPU
		{8076778F-3385-4CB9-9AC9-FCF816A3F099}.Release|Any CPU.ActiveCfg = Release|Any CPU
		{8076778F-3385-4CB9-9AC9-FCF816A3F099}.Release|Any CPU.Build.0 = Release|Any CPU
	EndGlobalSection
	GlobalSection(SolutionProperties) = preSolution
		HideSolutionNode = FALSE
	EndGlobalSection
EndGlobal
